
Microsoft Visual Studio Solution File, Format Version 12.00
# Visual Studio Version 17
VisualStudioVersion = 17.13.35825.156 d17.13
MinimumVisualStudioVersion = 10.0.40219.1
Project("{FAE04EC0-301F-11D3-BF4B-00C04F79EFBC}") = "snakeFunc", "snakeFunc\snakeFunc.csproj", "{570B489A-D72B-471D-AFFC-F119AA72BAFE}"
EndProject
Global
	GlobalSection(SolutionConfigurationPlatforms) = preSolution
		Debug|Any CPU = Debug|Any CPU
		Release|Any CPU = Release|Any CPU
	EndGlobalSection
	GlobalSection(ProjectConfigurationPlatforms) = postSolution
		{570B489A-D72B-471D-AFFC-F119AA72BAFE}.Debug|Any CPU.ActiveCfg = Debug|Any CPU
		{570B489A-D72B-471D-AFFC-F119AA72BAFE}.Debug|Any CPU.Build.0 = Debug|Any CPU
		{570B489A-D72B-471D-AFFC-F119AA72BAFE}.Release|Any CPU.ActiveCfg = Release|Any CPU
		{570B489A-D72B-471D-AFFC-F119AA72BAFE}.Release|Any CPU.Build.0 = Release|Any CPU
	EndGlobalSection
	GlobalSection(SolutionProperties) = preSolution
		HideSolutionNode = FALSE
	EndGlobalSection
	GlobalSection(ExtensibilityGlobals) = postSolution
		SolutionGuid = {4BAE796E-742A-4740-9888-2B6D5C2C4972}
	EndGlobalSection
EndGlobal
