
Microsoft Visual Studio Solution File, Format Version 12.00
# Visual Studio Version 17
VisualStudioVersion = 17.13.35825.156 d17.13
MinimumVisualStudioVersion = 10.0.40219.1
Project("{FAE04EC0-301F-11D3-BF4B-00C04F79EFBC}") = "tictactoeFinal", "tictactoeFinal\tictactoeFinal.csproj", "{98B8077D-2944-4A2E-B083-F5FEFDBE7A5A}"
EndProject
Global
	GlobalSection(SolutionConfigurationPlatforms) = preSolution
		Debug|Any CPU = Debug|Any CPU
		Release|Any CPU = Release|Any CPU
	EndGlobalSection
	GlobalSection(ProjectConfigurationPlatforms) = postSolution
		{98B8077D-2944-4A2E-B083-F5FEFDBE7A5A}.Debug|Any CPU.ActiveCfg = Debug|Any CPU
		{98B8077D-2944-4A2E-B083-F5FEFDBE7A5A}.Debug|Any CPU.Build.0 = Debug|Any CPU
		{98B8077D-2944-4A2E-B083-F5FEFDBE7A5A}.Release|Any CPU.ActiveCfg = Release|Any CPU
		{98B8077D-2944-4A2E-B083-F5FEFDBE7A5A}.Release|Any CPU.Build.0 = Release|Any CPU
	EndGlobalSection
	GlobalSection(SolutionProperties) = preSolution
		HideSolutionNode = FALSE
	EndGlobalSection
	GlobalSection(ExtensibilityGlobals) = postSolution
		SolutionGuid = {EC4FD0C2-72DD-45EC-B9F2-902200816736}
	EndGlobalSection
EndGlobal
